// !$*UTF8*$!
{
	archiveVersion = 1;
	classes = {
	};
	objectVersion = 50;
	objects = {

/* Begin PBXBuildFile section */
		849EB04622531453000DD1CC /* AppDelegate.swift in Sources */ = {isa = PBXBuildFile; fileRef = 849EB04522531453000DD1CC /* AppDelegate.swift */; };
		849EB04822531453000DD1CC /* ViewController.swift in Sources */ = {isa = PBXBuildFile; fileRef = 849EB04722531453000DD1CC /* ViewController.swift */; };
		849EB04B22531453000DD1CC /* Main.storyboard in Resources */ = {isa = PBXBuildFile; fileRef = 849EB04922531453000DD1CC /* Main.storyboard */; };
		849EB04D22531454000DD1CC /* Assets.xcassets in Resources */ = {isa = PBXBuildFile; fileRef = 849EB04C22531454000DD1CC /* Assets.xcassets */; };
		849EB05022531454000DD1CC /* LaunchScreen.storyboard in Resources */ = {isa = PBXBuildFile; fileRef = 849EB04E22531454000DD1CC /* LaunchScreen.storyboard */; };
		849EB05C22531493000DD1CC /* iCarousel.m in Sources */ = {isa = PBXBuildFile; fileRef = 849EB05A22531493000DD1CC /* iCarousel.m */; };
		849EB05F22531C16000DD1CC /* ZoomAndSnapFlowLayout.swift in Sources */ = {isa = PBXBuildFile; fileRef = 849EB05E22531C16000DD1CC /* ZoomAndSnapFlowLayout.swift */; };
/* End PBXBuildFile section */

/* Begin PBXFileReference section */
		849EB04222531453000DD1CC /* TestPage.app */ = {isa = PBXFileReference; explicitFileType = wrapper.application; includeInIndex = 0; path = TestPage.app; sourceTree = BUILT_PRODUCTS_DIR; };
		849EB04522531453000DD1CC /* AppDelegate.swift */ = {isa = PBXFileReference; lastKnownFileType = sourcecode.swift; path = AppDelegate.swift; sourceTree = "<group>"; };
		849EB04722531453000DD1CC /* ViewController.swift */ = {isa = PBXFileReference; lastKnownFileType = sourcecode.swift; path = ViewController.swift; sourceTree = "<group>"; };
		849EB04A22531453000DD1CC /* Base */ = {isa = PBXFileReference; lastKnownFileType = file.storyboard; name = Base; path = Base.lproj/Main.storyboard; sourceTree = "<group>"; };
		849EB04C22531454000DD1CC /* Assets.xcassets */ = {isa = PBXFileReference; lastKnownFileType = folder.assetcatalog; path = Assets.xcassets; sourceTree = "<group>"; };
		849EB04F22531454000DD1CC /* Base */ = {isa = PBXFileReference; lastKnownFileType = file.storyboard; name = Base; path = Base.lproj/LaunchScreen.storyboard; sourceTree = "<group>"; };
		849EB05122531454000DD1CC /* Info.plist */ = {isa = PBXFileReference; lastKnownFileType = text.plist.xml; path = Info.plist; sourceTree = "<group>"; };
		849EB05822531492000DD1CC /* TestPage-Bridging-Header.h */ = {isa = PBXFileReference; lastKnownFileType = sourcecode.c.h; path = "TestPage-Bridging-Header.h"; sourceTree = "<group>"; };
		849EB05922531493000DD1CC /* iCarousel.h */ = {isa = PBXFileReference; fileEncoding = 4; lastKnownFileType = sourcecode.c.h; path = iCarousel.h; sourceTree = "<group>"; };
		849EB05A22531493000DD1CC /* iCarousel.m */ = {isa = PBXFileReference; fileEncoding = 4; lastKnownFileType = sourcecode.c.objc; path = iCarousel.m; sourceTree = "<group>"; };
		849EB05E22531C16000DD1CC /* ZoomAndSnapFlowLayout.swift */ = {isa = PBXFileReference; lastKnownFileType = sourcecode.swift; path = ZoomAndSnapFlowLayout.swift; sourceTree = "<group>"; };
/* End PBXFileReference section */

/* Begin PBXFrameworksBuildPhase section */
		849EB03F22531453000DD1CC /* Frameworks */ = {
			isa = PBXFrameworksBuildPhase;
			buildActionMask = 2147483647;
			files = (
			);
			runOnlyForDeploymentPostprocessing = 0;
		};
/* End PBXFrameworksBuildPhase section */

/* Begin PBXGroup section */
		849EB03922531453000DD1CC = {
			isa = PBXGroup;
			children = (
				849EB04422531453000DD1CC /* TestPage */,
				849EB04322531453000DD1CC /* Products */,
			);
			sourceTree = "<group>";
		};
		849EB04322531453000DD1CC /* Products */ = {
			isa = PBXGroup;
			children = (
				849EB04222531453000DD1CC /* TestPage.app */,
			);
			name = Products;
			sourceTree = "<group>";
		};
		849EB04422531453000DD1CC /* TestPage */ = {
			isa = PBXGroup;
			children = (
				849EB05722531473000DD1CC /* iCarousel */,
				849EB04522531453000DD1CC /* AppDelegate.swift */,
				849EB04722531453000DD1CC /* ViewController.swift */,
				849EB04922531453000DD1CC /* Main.storyboard */,
				849EB04C22531454000DD1CC /* Assets.xcassets */,
				849EB04E22531454000DD1CC /* LaunchScreen.storyboard */,
				849EB05122531454000DD1CC /* Info.plist */,
				849EB05E22531C16000DD1CC /* ZoomAndSnapFlowLayout.swift */,
			);
			path = TestPage;
			sourceTree = "<group>";
		};
		849EB05722531473000DD1CC /* iCarousel */ = {
			isa = PBXGroup;
			children = (
				849EB05922531493000DD1CC /* iCarousel.h */,
				849EB05A22531493000DD1CC /* iCarousel.m */,
				849EB05822531492000DD1CC /* TestPage-Bridging-Header.h */,
			);
			path = iCarousel;
			sourceTree = "<group>";
		};
/* End PBXGroup section */

/* Begin PBXNativeTarget section */
		849EB04122531453000DD1CC /* TestPage */ = {
			isa = PBXNativeTarget;
			buildConfigurationList = 849EB05422531454000DD1CC /* Build configuration list for PBXNativeTarget "TestPage" */;
			buildPhases = (
				849EB03E22531453000DD1CC /* Sources */,
				849EB03F22531453000DD1CC /* Frameworks */,
				849EB04022531453000DD1CC /* Resources */,
			);
			buildRules = (
			);
			dependencies = (
			);
			name = TestPage;
			productName = TestPage;
			productReference = 849EB04222531453000DD1CC /* TestPage.app */;
			productType = "com.apple.product-type.application";
		};
/* End PBXNativeTarget section */

/* Begin PBXProject section */
		849EB03A22531453000DD1CC /* Project object */ = {
			isa = PBXProject;
			attributes = {
				LastSwiftUpdateCheck = 1020;
				LastUpgradeCheck = 1020;
				ORGANIZATIONNAME = Admin;
				TargetAttributes = {
					849EB04122531453000DD1CC = {
						CreatedOnToolsVersion = 10.2;
						LastSwiftMigration = 1020;
					};
				};
			};
			buildConfigurationList = 849EB03D22531453000DD1CC /* Build configuration list for PBXProject "TestPage" */;
			compatibilityVersion = "Xcode 9.3";
			developmentRegion = en;
			hasScannedForEncodings = 0;
			knownRegions = (
				en,
				Base,
			);
			mainGroup = 849EB03922531453000DD1CC;
			productRefGroup = 849EB04322531453000DD1CC /* Products */;
			projectDirPath = "";
			projectRoot = "";
			targets = (
				849EB04122531453000DD1CC /* TestPage */,
			);
		};
/* End PBXProject section */

/* Begin PBXResourcesBuildPhase section */
		849EB04022531453000DD1CC /* Resources */ = {
			isa = PBXResourcesBuildPhase;
			buildActionMask = 2147483647;
			files = (
				849EB05022531454000DD1CC /* LaunchScreen.storyboard in Resources */,
				849EB04D22531454000DD1CC /* Assets.xcassets in Resources */,
				849EB04B22531453000DD1CC /* Main.storyboard in Resources */,
			);
			runOnlyForDeploymentPostprocessing = 0;
		};
/* End PBXResourcesBuildPhase section */

/* Begin PBXSourcesBuildPhase section */
		849EB03E22531453000DD1CC /* Sources */ = {
			isa = PBXSourcesBuildPhase;
			buildActionMask = 2147483647;
			files = (
				849EB05C22531493000DD1CC /* iCarousel.m in Sources */,
				849EB04822531453000DD1CC /* ViewController.swift in Sources */,
				849EB05F22531C16000DD1CC /* ZoomAndSnapFlowLayout.swift in Sources */,
				849EB04622531453000DD1CC /* AppDelegate.swift in Sources */,
			);
			runOnlyForDeploymentPostprocessing = 0;
		};
/* End PBXSourcesBuildPhase section */

/* Begin PBXVariantGroup section */
		849EB04922531453000DD1CC /* Main.storyboard */ = {
			isa = PBXVariantGroup;
			children = (
				849EB04A22531453000DD1CC /* Base */,
			);
			name = Main.storyboard;
			sourceTree = "<group>";
		};
		849EB04E22531454000DD1CC /* LaunchScreen.storyboard */ = {
			isa = PBXVariantGroup;
			children = (
				849EB04F22531454000DD1CC /* Base */,
			);
			name = LaunchScreen.storyboard;
			sourceTree = "<group>";
		};
/* End PBXVariantGroup section */

/* Begin XCBuildConfiguration section */
		849EB05222531454000DD1CC /* Debug */ = {
			isa = XCBuildConfiguration;
			buildSettings = {
				ALWAYS_SEARCH_USER_PATHS = NO;
				CLANG_ANALYZER_NONNULL = YES;
				CLANG_ANALYZER_NUMBER_OBJECT_CONVERSION = YES_AGGRESSIVE;
				CLANG_CXX_LANGUAGE_STANDARD = "gnu++14";
				CLANG_CXX_LIBRARY = "libc++";
				CLANG_ENABLE_MODULES = YES;
				CLANG_ENABLE_OBJC_ARC = YES;
				CLANG_ENABLE_OBJC_WEAK = YES;
				CLANG_WARN_BLOCK_CAPTURE_AUTORELEASING = YES;
				CLANG_WARN_BOOL_CONVERSION = YES;
				CLANG_WARN_COMMA = YES;
				CLANG_WARN_CONSTANT_CONVERSION = YES;
				CLANG_WARN_DEPRECATED_OBJC_IMPLEMENTATIONS = YES;
				CLANG_WARN_DIRECT_OBJC_ISA_USAGE = YES_ERROR;
				CLANG_WARN_DOCUMENTATION_COMMENTS = YES;
				CLANG_WARN_EMPTY_BODY = YES;
				CLANG_WARN_ENUM_CONVERSION = YES;
				CLANG_WARN_INFINITE_RECURSION = YES;
				CLANG_WARN_INT_CONVERSION = YES;
				CLANG_WARN_NON_LITERAL_NULL_CONVERSION = YES;
				CLANG_WARN_OBJC_IMPLICIT_RETAIN_SELF = YES;
				CLANG_WARN_OBJC_LITERAL_CONVERSION = YES;
				CLANG_WARN_OBJC_ROOT_CLASS = YES_ERROR;
				CLANG_WARN_RANGE_LOOP_ANALYSIS = YES;
				CLANG_WARN_STRICT_PROTOTYPES = YES;
				CLANG_WARN_SUSPICIOUS_MOVE = YES;
				CLANG_WARN_UNGUARDED_AVAILABILITY = YES_AGGRESSIVE;
				CLANG_WARN_UNREACHABLE_CODE = YES;
				CLANG_WARN__DUPLICATE_METHOD_MATCH = YES;
				CODE_SIGN_IDENTITY = "iPhone Developer";
				COPY_PHASE_STRIP = NO;
				DEBUG_INFORMATION_FORMAT = dwarf;
				ENABLE_STRICT_OBJC_MSGSEND = YES;
				ENABLE_TESTABILITY = YES;
				GCC_C_LANGUAGE_STANDARD = gnu11;
				GCC_DYNAMIC_NO_PIC = NO;
				GCC_NO_COMMON_BLOCKS = YES;
				GCC_OPTIMIZATION_LEVEL = 0;
				GCC_PREPROCESSOR_DEFINITIONS = (
					"DEBUG=1",
					"$(inherited)",
				);
				GCC_WARN_64_TO_32_BIT_CONVERSION = YES;
				GCC_WARN_ABOUT_RETURN_TYPE = YES_ERROR;
				GCC_WARN_UNDECLARED_SELECTOR = YES;
				GCC_WARN_UNINITIALIZED_AUTOS = YES_AGGRESSIVE;
				GCC_WARN_UNUSED_FUNCTION = YES;
				GCC_WARN_UNUSED_VARIABLE = YES;
				IPHONEOS_DEPLOYMENT_TARGET = 12.2;
				MTL_ENABLE_DEBUG_INFO = INCLUDE_SOURCE;
				MTL_FAST_MATH = YES;
				ONLY_ACTIVE_ARCH = YES;
				SDKROOT = iphoneos;
				SWIFT_ACTIVE_COMPILATION_CONDITIONS = DEBUG;
				SWIFT_OPTIMIZATION_LEVEL = "-Onone";
			};
			name = Debug;
		};
		849EB05322531454000DD1CC /* Release */ = {
			isa = XCBuildConfiguration;
			buildSettings = {
				ALWAYS_SEARCH_USER_PATHS = NO;
				CLANG_ANALYZER_NONNULL = YES;
				CLANG_ANALYZER_NUMBER_OBJECT_CONVERSION = YES_AGGRESSIVE;
				CLANG_CXX_LANGUAGE_STANDARD = "gnu++14";
				CLANG_CXX_LIBRARY = "libc++";
				CLANG_ENABLE_MODULES = YES;
				CLANG_ENABLE_OBJC_ARC = YES;
				CLANG_ENABLE_OBJC_WEAK = YES;
				CLANG_WARN_BLOCK_CAPTURE_AUTORELEASING = YES;
				CLANG_WARN_BOOL_CONVERSION = YES;
				CLANG_WARN_COMMA = YES;
				CLANG_WARN_CONSTANT_CONVERSION = YES;
				CLANG_WARN_DEPRECATED_OBJC_IMPLEMENTATIONS = YES;
				CLANG_WARN_DIRECT_OBJC_ISA_USAGE = YES_ERROR;
				CLANG_WARN_DOCUMENTATION_COMMENTS = YES;
				CLANG_WARN_EMPTY_BODY = YES;
				CLANG_WARN_ENUM_CONVERSION = YES;
				CLANG_WARN_INFINITE_RECURSION = YES;
				CLANG_WARN_INT_CONVERSION = YES;
				CLANG_WARN_NON_LITERAL_NULL_CONVERSION = YES;
				CLANG_WARN_OBJC_IMPLICIT_RETAIN_SELF = YES;
				CLANG_WARN_OBJC_LITERAL_CONVERSION = YES;
				CLANG_WARN_OBJC_ROOT_CLASS = YES_ERROR;
				CLANG_WARN_RANGE_LOOP_ANALYSIS = YES;
				CLANG_WARN_STRICT_PROTOTYPES = YES;
				CLANG_WARN_SUSPICIOUS_MOVE = YES;
				CLANG_WARN_UNGUARDED_AVAILABILITY = YES_AGGRESSIVE;
				CLANG_WARN_UNREACHABLE_CODE = YES;
				CLANG_WARN__DUPLICATE_METHOD_MATCH = YES;
				CODE_SIGN_IDENTITY = "iPhone Developer";
				COPY_PHASE_STRIP = NO;
				DEBUG_INFORMATION_FORMAT = "dwarf-with-dsym";
				ENABLE_NS_ASSERTIONS = NO;
				ENABLE_STRICT_OBJC_MSGSEND = YES;
				GCC_C_LANGUAGE_STANDARD = gnu11;
				GCC_NO_COMMON_BLOCKS = YES;
				GCC_WARN_64_TO_32_BIT_CONVERSION = YES;
				GCC_WARN_ABOUT_RETURN_TYPE = YES_ERROR;
				GCC_WARN_UNDECLARED_SELECTOR = YES;
				GCC_WARN_UNINITIALIZED_AUTOS = YES_AGGRESSIVE;
				GCC_WARN_UNUSED_FUNCTION = YES;
				GCC_WARN_UNUSED_VARIABLE = YES;
				IPHONEOS_DEPLOYMENT_TARGET = 12.2;
				MTL_ENABLE_DEBUG_INFO = NO;
				MTL_FAST_MATH = YES;
				SDKROOT = iphoneos;
				SWIFT_COMPILATION_MODE = wholemodule;
				SWIFT_OPTIMIZATION_LEVEL = "-O";
				VALIDATE_PRODUCT = YES;
			};
			name = Release;
		};
		849EB05522531454000DD1CC /* Debug */ = {
			isa = XCBuildConfiguration;
			buildSettings = {
				ASSETCATALOG_COMPILER_APPICON_NAME = AppIcon;
				CLANG_ENABLE_MODULES = YES;
				CODE_SIGN_STYLE = Automatic;
				DEVELOPMENT_TEAM = L5RQ4B5375;
				INFOPLIST_FILE = TestPage/Info.plist;
				IPHONEOS_DEPLOYMENT_TARGET = 11.0;
				LD_RUNPATH_SEARCH_PATHS = (
					"$(inherited)",
					"@executable_path/Frameworks",
				);
				PRODUCT_BUNDLE_IDENTIFIER = onepay.TestPage;
				PRODUCT_NAME = "$(TARGET_NAME)";
				SWIFT_OBJC_BRIDGING_HEADER = "TestPage/iCarousel/TestPage-Bridging-Header.h";
				SWIFT_OPTIMIZATION_LEVEL = "-Onone";
				SWIFT_VERSION = 5.0;
				TARGETED_DEVICE_FAMILY = "1,2";
			};
			name = Debug;
		};
		849EB05622531454000DD1CC /* Release */ = {
			isa = XCBuildConfiguration;
			buildSettings = {
				ASSETCATALOG_COMPILER_APPICON_NAME = AppIcon;
				CLANG_ENABLE_MODULES = YES;
				CODE_SIGN_STYLE = Automatic;
				DEVELOPMENT_TEAM = L5RQ4B5375;
				INFOPLIST_FILE = TestPage/Info.plist;
				IPHONEOS_DEPLOYMENT_TARGET = 11.0;
				LD_RUNPATH_SEARCH_PATHS = (
					"$(inherited)",
					"@executable_path/Frameworks",
				);
				PRODUCT_BUNDLE_IDENTIFIER = onepay.TestPage;
				PRODUCT_NAME = "$(TARGET_NAME)";
				SWIFT_OBJC_BRIDGING_HEADER = "TestPage/iCarousel/TestPage-Bridging-Header.h";
				SWIFT_VERSION = 5.0;
				TARGETED_DEVICE_FAMILY = "1,2";
			};
			name = Release;
		};
/* End XCBuildConfiguration section */

/* Begin XCConfigurationList section */
		849EB03D22531453000DD1CC /* Build configuration list for PBXProject "TestPage" */ = {
			isa = XCConfigurationList;
			buildConfigurations = (
				849EB05222531454000DD1CC /* Debug */,
				849EB05322531454000DD1CC /* Release */,
			);
			defaultConfigurationIsVisible = 0;
			defaultConfigurationName = Release;
		};
		849EB05422531454000DD1CC /* Build configuration list for PBXNativeTarget "TestPage" */ = {
			isa = XCConfigurationList;
			buildConfigurations = (
				849EB05522531454000DD1CC /* Debug */,
				849EB05622531454000DD1CC /* Release */,
			);
			defaultConfigurationIsVisible = 0;
			defaultConfigurationName = Release;
		};
/* End XCConfigurationList section */
	};
	rootObject = 849EB03A22531453000DD1CC /* Project object */;
}
